
Microsoft Visual Studio Solution File, Format Version 12.00
# Visual Studio Version 17
VisualStudioVersion = 17.5.002.0
MinimumVisualStudioVersion = 10.0.40219.1
Project("{9A19103F-16F7-4668-BE54-9A1E7A4F7556}") = "HentaiMigrator", "HentaiMigrator.csproj", "{818EF100-42EF-4D7F-9A1A-347B575CA53D}"
EndProject
Global
	GlobalSection(SolutionConfigurationPlatforms) = preSolution
		Debug|Any CPU = Debug|Any CPU
		Release|Any CPU = Release|Any CPU
	EndGlobalSection
	GlobalSection(ProjectConfigurationPlatforms) = postSolution
		{818EF100-42EF-4D7F-9A1A-347B575CA53D}.Debug|Any CPU.ActiveCfg = Debug|Any CPU
		{818EF100-42EF-4D7F-9A1A-347B575CA53D}.Debug|Any CPU.Build.0 = Debug|Any CPU
		{818EF100-42EF-4D7F-9A1A-347B575CA53D}.Release|Any CPU.ActiveCfg = Release|Any CPU
		{818EF100-42EF-4D7F-9A1A-347B575CA53D}.Release|Any CPU.Build.0 = Release|Any CPU
	EndGlobalSection
	GlobalSection(SolutionProperties) = preSolution
		HideSolutionNode = FALSE
	EndGlobalSection
	GlobalSection(ExtensibilityGlobals) = postSolution
		SolutionGuid = {61EA81A1-C3FE-4FED-B0AF-267A9E88918A}
	EndGlobalSection
EndGlobal
